
Microsoft Visual Studio Solution File, Format Version 12.00
# Visual Studio Version 17
VisualStudioVersion = 17.5.001.0
MinimumVisualStudioVersion = 10.0.40219.1
Project("{9A19103F-16F7-4668-BE54-9A1E7A4F7556}") = "CachingWebAPI", "CachingWebAPI.csproj", "{03A2AD37-E1B2-47C6-A865-92C05ABCF5D9}"
EndProject
Global
	GlobalSection(SolutionConfigurationPlatforms) = preSolution
		Debug|Any CPU = Debug|Any CPU
		Release|Any CPU = Release|Any CPU
	EndGlobalSection
	GlobalSection(ProjectConfigurationPlatforms) = postSolution
		{03A2AD37-E1B2-47C6-A865-92C05ABCF5D9}.Debug|Any CPU.ActiveCfg = Debug|Any CPU
		{03A2AD37-E1B2-47C6-A865-92C05ABCF5D9}.Debug|Any CPU.Build.0 = Debug|Any CPU
		{03A2AD37-E1B2-47C6-A865-92C05ABCF5D9}.Release|Any CPU.ActiveCfg = Release|Any CPU
		{03A2AD37-E1B2-47C6-A865-92C05ABCF5D9}.Release|Any CPU.Build.0 = Release|Any CPU
	EndGlobalSection
	GlobalSection(SolutionProperties) = preSolution
		HideSolutionNode = FALSE
	EndGlobalSection
	GlobalSection(ExtensibilityGlobals) = postSolution
		SolutionGuid = {A08DDF1B-EABE-4E07-82A3-C6964D0F61D2}
	EndGlobalSection
EndGlobal
